
Microsoft Visual Studio Solution File, Format Version 12.00
# Visual Studio Version 16
VisualStudioVersion = 16.0.30014.187
MinimumVisualStudioVersion = 10.0.40219.1
Project("{8BC9CEB8-8B4A-11D0-8D11-00A0C91BC942}") = "mob", "mob.vcxproj", "{CB2CB683-78DA-44B9-B762-D195041F234E}"
EndProject
Global
	GlobalSection(SolutionConfigurationPlatforms) = preSolution
		Debug|x64 = Debug|x64
		Release|x64 = Release|x64
	EndGlobalSection
	GlobalSection(ProjectConfigurationPlatforms) = postSolution
		{CB2CB683-78DA-44B9-B762-D195041F234E}.Debug|x64.ActiveCfg = Debug|x64
		{CB2CB683-78DA-44B9-B762-D195041F234E}.Debug|x64.Build.0 = Debug|x64
		{CB2CB683-78DA-44B9-B762-D195041F234E}.Release|x64.ActiveCfg = Release|x64
		{CB2CB683-78DA-44B9-B762-D195041F234E}.Release|x64.Build.0 = Release|x64
	EndGlobalSection
	GlobalSection(SolutionProperties) = preSolution
		HideSolutionNode = FALSE
	EndGlobalSection
	GlobalSection(ExtensibilityGlobals) = postSolution
		SolutionGuid = {84F7C190-1CD8-46DF-9349-05A62C5B02B5}
	EndGlobalSection
EndGlobal
