<?xml version="1.0" encoding="utf-8"?>
<Project ToolsVersion="4.0" xmlns="http://schemas.microsoft.com/developer/msbuild/2003">
  <ItemGroup>
    <Filter Include="src">
      <UniqueIdentifier>{23ea265d-5536-4626-b27a-5403447aec6e}</UniqueIdentifier>
    </Filter>
    <Filter Include="src\tasks">
      <UniqueIdentifier>{892d19b8-e898-4c80-be14-e1ee1fb13209}</UniqueIdentifier>
    </Filter>
    <Filter Include="src\tools">
      <UniqueIdentifier>{b0afbfc3-9b49-4768-9077-a8284ced4416}</UniqueIdentifier>
    </Filter>
    <Filter Include="src\core">
      <UniqueIdentifier>{6e4d31d5-100c-4a4d-8e7d-4c48939819bd}</UniqueIdentifier>
    </Filter>
    <Filter Include="src\utility">
      <UniqueIdentifier>{78dd6066-d407-4450-b520-649454c15ee9}</UniqueIdentifier>
    </Filter>
    <Filter Include="src\cmd">
      <UniqueIdentifier>{b9307be3-9ccb-4449-8aed-d9b69f0beda9}</UniqueIdentifier>
    </Filter>
  </ItemGroup>
  <ItemGroup>
    <ClCompile Include="..\src\main.cpp">
      <Filter>src</Filter>
    </ClCompile>
    <ClCompile Include="..\src\pch.cpp">
      <Filter>src</Filter>
    </ClCompile>
    <ClCompile Include="..\src\net.cpp">
      <Filter>src</Filter>
    </ClCompile>
    <ClCompile Include="..\src\utility.cpp">
      <Filter>src</Filter>
    </ClCompile>
    <ClCompile Include="..\src\tasks\fmt.cpp">
      <Filter>src\tasks</Filter>
    </ClCompile>
    <ClCompile Include="..\src\tasks\gtest.cpp">
      <Filter>src\tasks</Filter>
    </ClCompile>
    <ClCompile Include="..\src\tasks\libbsarch.cpp">
      <Filter>src\tasks</Filter>
    </ClCompile>
    <ClCompile Include="..\src\tasks\libffi.cpp">
      <Filter>src\tasks</Filter>
    </ClCompile>
    <ClCompile Include="..\src\tasks\libloot.cpp">
      <Filter>src\tasks</Filter>
    </ClCompile>
    <ClCompile Include="..\src\tasks\openssl.cpp">
      <Filter>src\tasks</Filter>
    </ClCompile>
    <ClCompile Include="..\src\tasks\python.cpp">
      <Filter>src\tasks</Filter>
    </ClCompile>
    <ClCompile Include="..\src\tasks\sevenz.cpp">
      <Filter>src\tasks</Filter>
    </ClCompile>
    <ClCompile Include="..\src\tasks\zlib.cpp">
      <Filter>src\tasks</Filter>
    </ClCompile>
    <ClCompile Include="..\src\tasks\boost.cpp">
      <Filter>src\tasks</Filter>
    </ClCompile>
    <ClCompile Include="..\src\tasks\bzip2.cpp">
      <Filter>src\tasks</Filter>
    </ClCompile>
    <ClCompile Include="..\src\tasks\task.cpp">
      <Filter>src\tasks</Filter>
    </ClCompile>
    <ClCompile Include="..\src\tasks\lz4.cpp">
      <Filter>src\tasks</Filter>
    </ClCompile>
    <ClCompile Include="..\src\tasks\ncc.cpp">
      <Filter>src\tasks</Filter>
    </ClCompile>
    <ClCompile Include="..\src\tasks\nmm.cpp">
      <Filter>src\tasks</Filter>
    </ClCompile>
    <ClCompile Include="..\src\tasks\spdlog.cpp">
      <Filter>src\tasks</Filter>
    </ClCompile>
    <ClCompile Include="..\src\tasks\usvfs.cpp">
      <Filter>src\tasks</Filter>
    </ClCompile>
    <ClCompile Include="..\src\tasks\sip.cpp">
      <Filter>src\tasks</Filter>
    </ClCompile>
    <ClCompile Include="..\src\tasks\pyqt.cpp">
      <Filter>src\tasks</Filter>
    </ClCompile>
    <ClCompile Include="..\src\tools\extractor.cpp">
      <Filter>src\tools</Filter>
    </ClCompile>
    <ClCompile Include="..\src\tools\git.cpp">
      <Filter>src\tools</Filter>
    </ClCompile>
    <ClCompile Include="..\src\tools\jom.cpp">
      <Filter>src\tools</Filter>
    </ClCompile>
    <ClCompile Include="..\src\tools\msbuild.cpp">
      <Filter>src\tools</Filter>
    </ClCompile>
    <ClCompile Include="..\src\tools\patcher.cpp">
      <Filter>src\tools</Filter>
    </ClCompile>
    <ClCompile Include="..\src\tools\process_runner.cpp">
      <Filter>src\tools</Filter>
    </ClCompile>
    <ClCompile Include="..\src\tools\tools.cpp">
      <Filter>src\tools</Filter>
    </ClCompile>
    <ClCompile Include="..\src\tools\cmake.cpp">
      <Filter>src\tools</Filter>
    </ClCompile>
    <ClCompile Include="..\src\tools\downloader.cpp">
      <Filter>src\tools</Filter>
    </ClCompile>
    <ClCompile Include="..\src\tasks\stylesheets.cpp">
      <Filter>src\tasks</Filter>
    </ClCompile>
    <ClCompile Include="..\src\tasks\licenses.cpp">
      <Filter>src\tasks</Filter>
    </ClCompile>
    <ClCompile Include="..\src\tasks\modorganizer.cpp">
      <Filter>src\tasks</Filter>
    </ClCompile>
    <ClCompile Include="..\src\tasks\boost_di.cpp">
      <Filter>src\tasks</Filter>
    </ClCompile>
    <ClCompile Include="..\src\tasks\explorerpp.cpp">
      <Filter>src\tasks</Filter>
    </ClCompile>
    <ClCompile Include="..\src\tasks\installer.cpp">
      <Filter>src\tasks</Filter>
    </ClCompile>
    <ClCompile Include="..\src\tasks\translations.cpp">
      <Filter>src\tasks</Filter>
    </ClCompile>
    <ClCompile Include="..\src\core\env.cpp">
      <Filter>src\core</Filter>
    </ClCompile>
    <ClCompile Include="..\src\core\op.cpp">
      <Filter>src\core</Filter>
    </ClCompile>
    <ClCompile Include="..\src\core\process.cpp">
      <Filter>src\core</Filter>
    </ClCompile>
    <ClCompile Include="..\src\core\conf.cpp">
      <Filter>src\core</Filter>
    </ClCompile>
    <ClCompile Include="..\src\core\context.cpp">
      <Filter>src\core</Filter>
    </ClCompile>
    <ClCompile Include="..\src\utility\threading.cpp">
      <Filter>src\utility</Filter>
    </ClCompile>
    <ClCompile Include="..\src\utility\string.cpp">
      <Filter>src\utility</Filter>
    </ClCompile>
    <ClCompile Include="..\src\utility\fs.cpp">
      <Filter>src\utility</Filter>
    </ClCompile>
    <ClCompile Include="..\src\utility\io.cpp">
      <Filter>src\utility</Filter>
    </ClCompile>
    <ClCompile Include="..\src\utility\assert.cpp">
      <Filter>src\utility</Filter>
    </ClCompile>
    <ClCompile Include="..\src\cmd\commands.cpp">
      <Filter>src\cmd</Filter>
    </ClCompile>
    <ClCompile Include="..\src\cmd\build.cpp">
      <Filter>src\cmd</Filter>
    </ClCompile>
    <ClCompile Include="..\src\cmd\cmake.cpp">
      <Filter>src\cmd</Filter>
    </ClCompile>
    <ClCompile Include="..\src\cmd\git.cpp">
      <Filter>src\cmd</Filter>
    </ClCompile>
    <ClCompile Include="..\src\cmd\list.cpp">
      <Filter>src\cmd</Filter>
    </ClCompile>
    <ClCompile Include="..\src\cmd\release.cpp">
      <Filter>src\cmd</Filter>
    </ClCompile>
    <ClCompile Include="..\src\cmd\tx.cpp">
      <Filter>src\cmd</Filter>
    </ClCompile>
  </ItemGroup>
  <ItemGroup>
    <ClInclude Include="..\src\pch.h">
      <Filter>src</Filter>
    </ClInclude>
    <ClInclude Include="..\src\net.h">
      <Filter>src</Filter>
    </ClInclude>
    <ClInclude Include="..\src\utility.h">
      <Filter>src</Filter>
    </ClInclude>
    <ClInclude Include="..\src\tasks\task.h">
      <Filter>src\tasks</Filter>
    </ClInclude>
    <ClInclude Include="..\src\tasks\tasks.h">
      <Filter>src\tasks</Filter>
    </ClInclude>
    <ClInclude Include="..\src\tools\tools.h">
      <Filter>src\tools</Filter>
    </ClInclude>
    <ClInclude Include="..\src\core\context.h">
      <Filter>src\core</Filter>
    </ClInclude>
    <ClInclude Include="..\src\core\env.h">
      <Filter>src\core</Filter>
    </ClInclude>
    <ClInclude Include="..\src\core\op.h">
      <Filter>src\core</Filter>
    </ClInclude>
    <ClInclude Include="..\src\core\process.h">
      <Filter>src\core</Filter>
    </ClInclude>
    <ClInclude Include="..\src\core\conf.h">
      <Filter>src\core</Filter>
    </ClInclude>
    <ClInclude Include="..\src\utility\threading.h">
      <Filter>src\utility</Filter>
    </ClInclude>
    <ClInclude Include="..\src\utility\string.h">
      <Filter>src\utility</Filter>
    </ClInclude>
    <ClInclude Include="..\src\utility\assert.h">
      <Filter>src\utility</Filter>
    </ClInclude>
    <ClInclude Include="..\src\utility\fs.h">
      <Filter>src\utility</Filter>
    </ClInclude>
    <ClInclude Include="..\src\utility\algo.h">
      <Filter>src\utility</Filter>
    </ClInclude>
    <ClInclude Include="..\src\utility\io.h">
      <Filter>src\utility</Filter>
    </ClInclude>
    <ClInclude Include="..\src\cmd\commands.h">
      <Filter>src\cmd</Filter>
    </ClInclude>
    <ClInclude Include="..\src\utility\enum.h">
      <Filter>src\cmd</Filter>
    </ClInclude>
  </ItemGroup>
</Project>